%{"conform": {:hex, :conform, "0.13.0"},
  "cowboy": {:git, "https://github.com/ninenines/cowboy.git", "db52494371ea249f38d51108c7d79cf487ff6374", [tag: "0.9.0"]},
  "cowlib": {:git, "git://github.com/extend/cowlib.git", "63298e8e160031a70efff86a1acde7e7db1fcda6", [ref: "0.4.0"]},
  "exactor": {:git, "https://github.com/sasa1977/exactor.git", "0467f8100bc735405d597dbf94996195eb31e0b6", [tag: "0467f8100bc735405d597dbf94996195eb31e0b6"]},
  "exrm": {:git, "https://github.com/bitwalker/exrm.git", "bebc97c7707b6019a2790132b16653418f25afdc", []},
  "extask": {:git, "https://github.com/timCF/extask.git", "691cc1a515750bead8b81ed6c13cddbcf115d754", []},
  "exutils": {:git, "https://github.com/timCF/exutils.git", "e18d8c7e4cde6647ce85a02785c433383157f184", []},
  "hashex": {:git, "https://github.com/timCF/hashex.git", "cc6b4307daa1ab18c94cdd33bf3cb8a3dab28b96", []},
  "jazz": {:git, "https://github.com/meh/jazz.git", "49f335492aca5516495199dd81dd18b845ebaa69", []},
  "logex": {:git, "https://github.com/timCF/logex.git", "ca4bc92cd7b32845c1db630e719e812f07094756", []},
  "maybe": {:git, "https://github.com/timCF/maybe.git", "0c500e3abb3d9b82b65915bf7f388ccf004bb790", []},
  "quickrand": {:hex, :quickrand, "1.5.0"},
  "ranch": {:git, "git://github.com/extend/ranch.git", "5df1f222f94e08abdcab7084f5e13027143cc222", [ref: "0.9.0"]},
  "silverb": {:git, "https://github.com/timCF/silverb.git", "4422b6728b8b96106b58d97157c1f0b4fdefd091", []},
  "tinca": {:git, "https://github.com/timCF/tinca.git", "06ee9bff138dbdeae6c1de0340b10475f4b657b1", []},
  "uuid": {:git, "https://github.com/okeuday/uuid.git", "31f408f4efc072be42da12cd45001e80ea60360e", []},
  "xmlex": {:git, "https://github.com/timCF/xmlex.git", "e4f02ad350f97dca89a471b05eb7554b192a5f4c", []}}
